<Solution>
    <Project Path="TemporalDemo.AppHost/TemporalDemo.AppHost.csproj"/>
    <Project Path="TemporalDemo.Payments.Api/TemporalDemo.Payments.Api.csproj"/>
    <Project Path="TemporalDemo.ServiceDefaults/TemporalDemo.ServiceDefaults.csproj"/>
    <Project Path="TemporalDemo.Shop.Api/TemporalDemo.Shop.Api.csproj"/>
</Solution>
